
Microsoft Visual Studio Solution File, Format Version 12.00
# Visual Studio Version 16
VisualStudioVersion = 16.0.31911.196
MinimumVisualStudioVersion = 10.0.40219.1
Project("{FAE04EC0-301F-11D3-BF4B-00C04F79EFBC}") = "Proyecto Final Pro", "Proyecto Final Pro\Proyecto Final Pro.csproj", "{0A0E37B3-98CC-435A-B5E9-4BC240127B4A}"
EndProject
Global
	GlobalSection(SolutionConfigurationPlatforms) = preSolution
		Debug|Any CPU = Debug|Any CPU
		Release|Any CPU = Release|Any CPU
	EndGlobalSection
	GlobalSection(ProjectConfigurationPlatforms) = postSolution
		{0A0E37B3-98CC-435A-B5E9-4BC240127B4A}.Debug|Any CPU.ActiveCfg = Debug|Any CPU
		{0A0E37B3-98CC-435A-B5E9-4BC240127B4A}.Debug|Any CPU.Build.0 = Debug|Any CPU
		{0A0E37B3-98CC-435A-B5E9-4BC240127B4A}.Release|Any CPU.ActiveCfg = Release|Any CPU
		{0A0E37B3-98CC-435A-B5E9-4BC240127B4A}.Release|Any CPU.Build.0 = Release|Any CPU
	EndGlobalSection
	GlobalSection(SolutionProperties) = preSolution
		HideSolutionNode = FALSE
	EndGlobalSection
	GlobalSection(ExtensibilityGlobals) = postSolution
		SolutionGuid = {2EEFDFD3-F536-47C7-8DCE-FAAB1A66E30D}
	EndGlobalSection
EndGlobal
